// !$*UTF8*$!
{
	archiveVersion = 1;
	classes = {
	};
	objectVersion = 77;
	objects = {

/* Begin PBXBuildFile section */
		C00424812D810B1E0038CA01 /* Alamofire in Frameworks */ = {isa = PBXBuildFile; productRef = C00424802D810B1E0038CA01 /* Alamofire */; };
/* End PBXBuildFile section */

/* Begin PBXContainerItemProxy section */
		C004243D2D806DD60038CA01 /* PBXContainerItemProxy */ = {
			isa = PBXContainerItemProxy;
			containerPortal = C004241E2D806DD40038CA01 /* Project object */;
			proxyType = 1;
			remoteGlobalIDString = C00424252D806DD40038CA01;
			remoteInfo = MyFavoriteMovies;
		};
		C00424472D806DD60038CA01 /* PBXContainerItemProxy */ = {
			isa = PBXContainerItemProxy;
			containerPortal = C004241E2D806DD40038CA01 /* Project object */;
			proxyType = 1;
			remoteGlobalIDString = C00424252D806DD40038CA01;
			remoteInfo = MyFavoriteMovies;
		};
/* End PBXContainerItemProxy section */

/* Begin PBXFileReference section */
		C00424262D806DD40038CA01 /* MyFavoriteMovies.app */ = {isa = PBXFileReference; explicitFileType = wrapper.application; includeInIndex = 0; path = MyFavoriteMovies.app; sourceTree = BUILT_PRODUCTS_DIR; };
		C004243C2D806DD60038CA01 /* MyFavoriteMoviesTests.xctest */ = {isa = PBXFileReference; explicitFileType = wrapper.cfbundle; includeInIndex = 0; path = MyFavoriteMoviesTests.xctest; sourceTree = BUILT_PRODUCTS_DIR; };
		C00424462D806DD60038CA01 /* MyFavoriteMoviesUITests.xctest */ = {isa = PBXFileReference; explicitFileType = wrapper.cfbundle; includeInIndex = 0; path = MyFavoriteMoviesUITests.xctest; sourceTree = BUILT_PRODUCTS_DIR; };
/* End PBXFileReference section */

/* Begin PBXFileSystemSynchronizedBuildFileExceptionSet section */
		C004244E2D806DD60038CA01 /* Exceptions for "MyFavoriteMovies" folder in "MyFavoriteMovies" target */ = {
			isa = PBXFileSystemSynchronizedBuildFileExceptionSet;
			membershipExceptions = (
				Info.plist,
			);
			target = C00424252D806DD40038CA01 /* MyFavoriteMovies */;
		};
/* End PBXFileSystemSynchronizedBuildFileExceptionSet section */

/* Begin PBXFileSystemSynchronizedRootGroup section */
		C00424282D806DD40038CA01 /* MyFavoriteMovies */ = {
			isa = PBXFileSystemSynchronizedRootGroup;
			exceptions = (
				C004244E2D806DD60038CA01 /* Exceptions for "MyFavoriteMovies" folder in "MyFavoriteMovies" target */,
			);
			path = MyFavoriteMovies;
			sourceTree = "<group>";
		};
		C004243F2D806DD60038CA01 /* MyFavoriteMoviesTests */ = {
			isa = PBXFileSystemSynchronizedRootGroup;
			path = MyFavoriteMoviesTests;
			sourceTree = "<group>";
		};
		C00424492D806DD60038CA01 /* MyFavoriteMoviesUITests */ = {
			isa = PBXFileSystemSynchronizedRootGroup;
			path = MyFavoriteMoviesUITests;
			sourceTree = "<group>";
		};
/* End PBXFileSystemSynchronizedRootGroup section */

/* Begin PBXFrameworksBuildPhase section */
		C00424232D806DD40038CA01 /* Frameworks */ = {
			isa = PBXFrameworksBuildPhase;
			buildActionMask = 2147483647;
			files = (
				C00424812D810B1E0038CA01 /* Alamofire in Frameworks */,
			);
			runOnlyForDeploymentPostprocessing = 0;
		};
		C00424392D806DD60038CA01 /* Frameworks */ = {
			isa = PBXFrameworksBuildPhase;
			buildActionMask = 2147483647;
			files = (
			);
			runOnlyForDeploymentPostprocessing = 0;
		};
		C00424432D806DD60038CA01 /* Frameworks */ = {
			isa = PBXFrameworksBuildPhase;
			buildActionMask = 2147483647;
			files = (
			);
			runOnlyForDeploymentPostprocessing = 0;
		};
/* End PBXFrameworksBuildPhase section */

/* Begin PBXGroup section */
		C004241D2D806DD40038CA01 = {
			isa = PBXGroup;
			children = (
				C00424282D806DD40038CA01 /* MyFavoriteMovies */,
				C004243F2D806DD60038CA01 /* MyFavoriteMoviesTests */,
				C00424492D806DD60038CA01 /* MyFavoriteMoviesUITests */,
				C00424272D806DD40038CA01 /* Products */,
			);
			sourceTree = "<group>";
		};
		C00424272D806DD40038CA01 /* Products */ = {
			isa = PBXGroup;
			children = (
				C00424262D806DD40038CA01 /* MyFavoriteMovies.app */,
				C004243C2D806DD60038CA01 /* MyFavoriteMoviesTests.xctest */,
				C00424462D806DD60038CA01 /* MyFavoriteMoviesUITests.xctest */,
			);
			name = Products;
			sourceTree = "<group>";
		};
/* End PBXGroup section */

/* Begin PBXNativeTarget section */
		C00424252D806DD40038CA01 /* MyFavoriteMovies */ = {
			isa = PBXNativeTarget;
			buildConfigurationList = C004244F2D806DD60038CA01 /* Build configuration list for PBXNativeTarget "MyFavoriteMovies" */;
			buildPhases = (
				C00424222D806DD40038CA01 /* Sources */,
				C00424232D806DD40038CA01 /* Frameworks */,
				C00424242D806DD40038CA01 /* Resources */,
			);
			buildRules = (
			);
			dependencies = (
			);
			fileSystemSynchronizedGroups = (
				C00424282D806DD40038CA01 /* MyFavoriteMovies */,
			);
			name = MyFavoriteMovies;
			packageProductDependencies = (
				C00424802D810B1E0038CA01 /* Alamofire */,
			);
			productName = MyFavoriteMovies;
			productReference = C00424262D806DD40038CA01 /* MyFavoriteMovies.app */;
			productType = "com.apple.product-type.application";
		};
		C004243B2D806DD60038CA01 /* MyFavoriteMoviesTests */ = {
			isa = PBXNativeTarget;
			buildConfigurationList = C00424542D806DD60038CA01 /* Build configuration list for PBXNativeTarget "MyFavoriteMoviesTests" */;
			buildPhases = (
				C00424382D806DD60038CA01 /* Sources */,
				C00424392D806DD60038CA01 /* Frameworks */,
				C004243A2D806DD60038CA01 /* Resources */,
			);
			buildRules = (
			);
			dependencies = (
				C004243E2D806DD60038CA01 /* PBXTargetDependency */,
			);
			fileSystemSynchronizedGroups = (
				C004243F2D806DD60038CA01 /* MyFavoriteMoviesTests */,
			);
			name = MyFavoriteMoviesTests;
			packageProductDependencies = (
			);
			productName = MyFavoriteMoviesTests;
			productReference = C004243C2D806DD60038CA01 /* MyFavoriteMoviesTests.xctest */;
			productType = "com.apple.product-type.bundle.unit-test";
		};
		C00424452D806DD60038CA01 /* MyFavoriteMoviesUITests */ = {
			isa = PBXNativeTarget;
			buildConfigurationList = C00424572D806DD60038CA01 /* Build configuration list for PBXNativeTarget "MyFavoriteMoviesUITests" */;
			buildPhases = (
				C00424422D806DD60038CA01 /* Sources */,
				C00424432D806DD60038CA01 /* Frameworks */,
				C00424442D806DD60038CA01 /* Resources */,
			);
			buildRules = (
			);
			dependencies = (
				C00424482D806DD60038CA01 /* PBXTargetDependency */,
			);
			fileSystemSynchronizedGroups = (
				C00424492D806DD60038CA01 /* MyFavoriteMoviesUITests */,
			);
			name = MyFavoriteMoviesUITests;
			packageProductDependencies = (
			);
			productName = MyFavoriteMoviesUITests;
			productReference = C00424462D806DD60038CA01 /* MyFavoriteMoviesUITests.xctest */;
			productType = "com.apple.product-type.bundle.ui-testing";
		};
/* End PBXNativeTarget section */

/* Begin PBXProject section */
		C004241E2D806DD40038CA01 /* Project object */ = {
			isa = PBXProject;
			attributes = {
				BuildIndependentTargetsInParallel = 1;
				LastSwiftUpdateCheck = 1620;
				LastUpgradeCheck = 1620;
				TargetAttributes = {
					C00424252D806DD40038CA01 = {
						CreatedOnToolsVersion = 16.2;
					};
					C004243B2D806DD60038CA01 = {
						CreatedOnToolsVersion = 16.2;
						TestTargetID = C00424252D806DD40038CA01;
					};
					C00424452D806DD60038CA01 = {
						CreatedOnToolsVersion = 16.2;
						TestTargetID = C00424252D806DD40038CA01;
					};
				};
			};
			buildConfigurationList = C00424212D806DD40038CA01 /* Build configuration list for PBXProject "MyFavoriteMovies" */;
			developmentRegion = en;
			hasScannedForEncodings = 0;
			knownRegions = (
				en,
				Base,
				"pt-BR",
			);
			mainGroup = C004241D2D806DD40038CA01;
			minimizedProjectReferenceProxies = 1;
			packageReferences = (
				C004247F2D810B1E0038CA01 /* XCRemoteSwiftPackageReference "Alamofire" */,
			);
			preferredProjectObjectVersion = 77;
			productRefGroup = C00424272D806DD40038CA01 /* Products */;
			projectDirPath = "";
			projectRoot = "";
			targets = (
				C00424252D806DD40038CA01 /* MyFavoriteMovies */,
				C004243B2D806DD60038CA01 /* MyFavoriteMoviesTests */,
				C00424452D806DD60038CA01 /* MyFavoriteMoviesUITests */,
			);
		};
/* End PBXProject section */

/* Begin PBXResourcesBuildPhase section */
		C00424242D806DD40038CA01 /* Resources */ = {
			isa = PBXResourcesBuildPhase;
			buildActionMask = 2147483647;
			files = (
			);
			runOnlyForDeploymentPostprocessing = 0;
		};
		C004243A2D806DD60038CA01 /* Resources */ = {
			isa = PBXResourcesBuildPhase;
			buildActionMask = 2147483647;
			files = (
			);
			runOnlyForDeploymentPostprocessing = 0;
		};
		C00424442D806DD60038CA01 /* Resources */ = {
			isa = PBXResourcesBuildPhase;
			buildActionMask = 2147483647;
			files = (
			);
			runOnlyForDeploymentPostprocessing = 0;
		};
/* End PBXResourcesBuildPhase section */

/* Begin PBXSourcesBuildPhase section */
		C00424222D806DD40038CA01 /* Sources */ = {
			isa = PBXSourcesBuildPhase;
			buildActionMask = 2147483647;
			files = (
			);
			runOnlyForDeploymentPostprocessing = 0;
		};
		C00424382D806DD60038CA01 /* Sources */ = {
			isa = PBXSourcesBuildPhase;
			buildActionMask = 2147483647;
			files = (
			);
			runOnlyForDeploymentPostprocessing = 0;
		};
		C00424422D806DD60038CA01 /* Sources */ = {
			isa = PBXSourcesBuildPhase;
			buildActionMask = 2147483647;
			files = (
			);
			runOnlyForDeploymentPostprocessing = 0;
		};
/* End PBXSourcesBuildPhase section */

/* Begin PBXTargetDependency section */
		C004243E2D806DD60038CA01 /* PBXTargetDependency */ = {
			isa = PBXTargetDependency;
			target = C00424252D806DD40038CA01 /* MyFavoriteMovies */;
			targetProxy = C004243D2D806DD60038CA01 /* PBXContainerItemProxy */;
		};
		C00424482D806DD60038CA01 /* PBXTargetDependency */ = {
			isa = PBXTargetDependency;
			target = C00424252D806DD40038CA01 /* MyFavoriteMovies */;
			targetProxy = C00424472D806DD60038CA01 /* PBXContainerItemProxy */;
		};
/* End PBXTargetDependency section */

/* Begin XCBuildConfiguration section */
		C00424502D806DD60038CA01 /* Debug */ = {
			isa = XCBuildConfiguration;
			buildSettings = {
				ASSETCATALOG_COMPILER_APPICON_NAME = AppIcon;
				ASSETCATALOG_COMPILER_GLOBAL_ACCENT_COLOR_NAME = AccentColor;
				CODE_SIGN_STYLE = Automatic;
				CURRENT_PROJECT_VERSION = 1;
				DEVELOPMENT_TEAM = HH43X364Z6;
				GENERATE_INFOPLIST_FILE = YES;
				INFOPLIST_FILE = MyFavoriteMovies/Info.plist;
				INFOPLIST_KEY_UIApplicationSupportsIndirectInputEvents = YES;
				INFOPLIST_KEY_UILaunchStoryboardName = LaunchScreen;
				INFOPLIST_KEY_UISupportedInterfaceOrientations_iPad = "UIInterfaceOrientationPortrait UIInterfaceOrientationPortraitUpsideDown UIInterfaceOrientationLandscapeLeft UIInterfaceOrientationLandscapeRight";
				INFOPLIST_KEY_UISupportedInterfaceOrientations_iPhone = "UIInterfaceOrientationPortrait UIInterfaceOrientationLandscapeLeft UIInterfaceOrientationLandscapeRight";
				LD_RUNPATH_SEARCH_PATHS = (
					"$(inherited)",
					"@executable_path/Frameworks",
				);
				MARKETING_VERSION = 1.0;
				PRODUCT_BUNDLE_IDENTIFIER = br.com.myfavoritemovies.MyFavoriteMovies;
				PRODUCT_NAME = "$(TARGET_NAME)";
				SWIFT_EMIT_LOC_STRINGS = YES;
				SWIFT_VERSION = 5.0;
				TARGETED_DEVICE_FAMILY = "1,2";
			};
			name = Debug;
		};
		C00424512D806DD60038CA01 /* Release */ = {
			isa = XCBuildConfiguration;
			buildSettings = {
				ASSETCATALOG_COMPILER_APPICON_NAME = AppIcon;
				ASSETCATALOG_COMPILER_GLOBAL_ACCENT_COLOR_NAME = AccentColor;
				CODE_SIGN_STYLE = Automatic;
				CURRENT_PROJECT_VERSION = 1;
				DEVELOPMENT_TEAM = HH43X364Z6;
				GENERATE_INFOPLIST_FILE = YES;
				INFOPLIST_FILE = MyFavoriteMovies/Info.plist;
				INFOPLIST_KEY_UIApplicationSupportsIndirectInputEvents = YES;
				INFOPLIST_KEY_UILaunchStoryboardName = LaunchScreen;
				INFOPLIST_KEY_UISupportedInterfaceOrientations_iPad = "UIInterfaceOrientationPortrait UIInterfaceOrientationPortraitUpsideDown UIInterfaceOrientationLandscapeLeft UIInterfaceOrientationLandscapeRight";
				INFOPLIST_KEY_UISupportedInterfaceOrientations_iPhone = "UIInterfaceOrientationPortrait UIInterfaceOrientationLandscapeLeft UIInterfaceOrientationLandscapeRight";
				LD_RUNPATH_SEARCH_PATHS = (
					"$(inherited)",
					"@executable_path/Frameworks",
				);
				MARKETING_VERSION = 1.0;
				PRODUCT_BUNDLE_IDENTIFIER = br.com.myfavoritemovies.MyFavoriteMovies;
				PRODUCT_NAME = "$(TARGET_NAME)";
				SWIFT_EMIT_LOC_STRINGS = YES;
				SWIFT_VERSION = 5.0;
				TARGETED_DEVICE_FAMILY = "1,2";
			};
			name = Release;
		};
		C00424522D806DD60038CA01 /* Debug */ = {
			isa = XCBuildConfiguration;
			buildSettings = {
				ALWAYS_SEARCH_USER_PATHS = NO;
				ASSETCATALOG_COMPILER_GENERATE_SWIFT_ASSET_SYMBOL_EXTENSIONS = YES;
				CLANG_ANALYZER_NONNULL = YES;
				CLANG_ANALYZER_NUMBER_OBJECT_CONVERSION = YES_AGGRESSIVE;
				CLANG_CXX_LANGUAGE_STANDARD = "gnu++20";
				CLANG_ENABLE_MODULES = YES;
				CLANG_ENABLE_OBJC_ARC = YES;
				CLANG_ENABLE_OBJC_WEAK = YES;
				CLANG_WARN_BLOCK_CAPTURE_AUTORELEASING = YES;
				CLANG_WARN_BOOL_CONVERSION = YES;
				CLANG_WARN_COMMA = YES;
				CLANG_WARN_CONSTANT_CONVERSION = YES;
				CLANG_WARN_DEPRECATED_OBJC_IMPLEMENTATIONS = YES;
				CLANG_WARN_DIRECT_OBJC_ISA_USAGE = YES_ERROR;
				CLANG_WARN_DOCUMENTATION_COMMENTS = YES;
				CLANG_WARN_EMPTY_BODY = YES;
				CLANG_WARN_ENUM_CONVERSION = YES;
				CLANG_WARN_INFINITE_RECURSION = YES;
				CLANG_WARN_INT_CONVERSION = YES;
				CLANG_WARN_NON_LITERAL_NULL_CONVERSION = YES;
				CLANG_WARN_OBJC_IMPLICIT_RETAIN_SELF = YES;
				CLANG_WARN_OBJC_LITERAL_CONVERSION = YES;
				CLANG_WARN_OBJC_ROOT_CLASS = YES_ERROR;
				CLANG_WARN_QUOTED_INCLUDE_IN_FRAMEWORK_HEADER = YES;
				CLANG_WARN_RANGE_LOOP_ANALYSIS = YES;
				CLANG_WARN_STRICT_PROTOTYPES = YES;
				CLANG_WARN_SUSPICIOUS_MOVE = YES;
				CLANG_WARN_UNGUARDED_AVAILABILITY = YES_AGGRESSIVE;
				CLANG_WARN_UNREACHABLE_CODE = YES;
				CLANG_WARN__DUPLICATE_METHOD_MATCH = YES;
				COPY_PHASE_STRIP = NO;
				DEBUG_INFORMATION_FORMAT = dwarf;
				ENABLE_STRICT_OBJC_MSGSEND = YES;
				ENABLE_TESTABILITY = YES;
				ENABLE_USER_SCRIPT_SANDBOXING = YES;
				GCC_C_LANGUAGE_STANDARD = gnu17;
				GCC_DYNAMIC_NO_PIC = NO;
				GCC_NO_COMMON_BLOCKS = YES;
				GCC_OPTIMIZATION_LEVEL = 0;
				GCC_PREPROCESSOR_DEFINITIONS = (
					"DEBUG=1",
					"$(inherited)",
				);
				GCC_WARN_64_TO_32_BIT_CONVERSION = YES;
				GCC_WARN_ABOUT_RETURN_TYPE = YES_ERROR;
				GCC_WARN_UNDECLARED_SELECTOR = YES;
				GCC_WARN_UNINITIALIZED_AUTOS = YES_AGGRESSIVE;
				GCC_WARN_UNUSED_FUNCTION = YES;
				GCC_WARN_UNUSED_VARIABLE = YES;
				IPHONEOS_DEPLOYMENT_TARGET = 18.2;
				LOCALIZATION_PREFERS_STRING_CATALOGS = YES;
				MTL_ENABLE_DEBUG_INFO = INCLUDE_SOURCE;
				MTL_FAST_MATH = YES;
				ONLY_ACTIVE_ARCH = YES;
				SDKROOT = iphoneos;
				SWIFT_ACTIVE_COMPILATION_CONDITIONS = "DEBUG $(inherited)";
				SWIFT_EMIT_LOC_STRINGS = YES;
				SWIFT_OPTIMIZATION_LEVEL = "-Onone";
			};
			name = Debug;
		};
		C00424532D806DD60038CA01 /* Release */ = {
			isa = XCBuildConfiguration;
			buildSettings = {
				ALWAYS_SEARCH_USER_PATHS = NO;
				ASSETCATALOG_COMPILER_GENERATE_SWIFT_ASSET_SYMBOL_EXTENSIONS = YES;
				CLANG_ANALYZER_NONNULL = YES;
				CLANG_ANALYZER_NUMBER_OBJECT_CONVERSION = YES_AGGRESSIVE;
				CLANG_CXX_LANGUAGE_STANDARD = "gnu++20";
				CLANG_ENABLE_MODULES = YES;
				CLANG_ENABLE_OBJC_ARC = YES;
				CLANG_ENABLE_OBJC_WEAK = YES;
				CLANG_WARN_BLOCK_CAPTURE_AUTORELEASING = YES;
				CLANG_WARN_BOOL_CONVERSION = YES;
				CLANG_WARN_COMMA = YES;
				CLANG_WARN_CONSTANT_CONVERSION = YES;
				CLANG_WARN_DEPRECATED_OBJC_IMPLEMENTATIONS = YES;
				CLANG_WARN_DIRECT_OBJC_ISA_USAGE = YES_ERROR;
				CLANG_WARN_DOCUMENTATION_COMMENTS = YES;
				CLANG_WARN_EMPTY_BODY = YES;
				CLANG_WARN_ENUM_CONVERSION = YES;
				CLANG_WARN_INFINITE_RECURSION = YES;
				CLANG_WARN_INT_CONVERSION = YES;
				CLANG_WARN_NON_LITERAL_NULL_CONVERSION = YES;
				CLANG_WARN_OBJC_IMPLICIT_RETAIN_SELF = YES;
				CLANG_WARN_OBJC_LITERAL_CONVERSION = YES;
				CLANG_WARN_OBJC_ROOT_CLASS = YES_ERROR;
				CLANG_WARN_QUOTED_INCLUDE_IN_FRAMEWORK_HEADER = YES;
				CLANG_WARN_RANGE_LOOP_ANALYSIS = YES;
				CLANG_WARN_STRICT_PROTOTYPES = YES;
				CLANG_WARN_SUSPICIOUS_MOVE = YES;
				CLANG_WARN_UNGUARDED_AVAILABILITY = YES_AGGRESSIVE;
				CLANG_WARN_UNREACHABLE_CODE = YES;
				CLANG_WARN__DUPLICATE_METHOD_MATCH = YES;
				COPY_PHASE_STRIP = NO;
				DEBUG_INFORMATION_FORMAT = "dwarf-with-dsym";
				ENABLE_NS_ASSERTIONS = NO;
				ENABLE_STRICT_OBJC_MSGSEND = YES;
				ENABLE_USER_SCRIPT_SANDBOXING = YES;
				GCC_C_LANGUAGE_STANDARD = gnu17;
				GCC_NO_COMMON_BLOCKS = YES;
				GCC_WARN_64_TO_32_BIT_CONVERSION = YES;
				GCC_WARN_ABOUT_RETURN_TYPE = YES_ERROR;
				GCC_WARN_UNDECLARED_SELECTOR = YES;
				GCC_WARN_UNINITIALIZED_AUTOS = YES_AGGRESSIVE;
				GCC_WARN_UNUSED_FUNCTION = YES;
				GCC_WARN_UNUSED_VARIABLE = YES;
				IPHONEOS_DEPLOYMENT_TARGET = 18.2;
				LOCALIZATION_PREFERS_STRING_CATALOGS = YES;
				MTL_ENABLE_DEBUG_INFO = NO;
				MTL_FAST_MATH = YES;
				SDKROOT = iphoneos;
				SWIFT_COMPILATION_MODE = wholemodule;
				SWIFT_EMIT_LOC_STRINGS = YES;
				VALIDATE_PRODUCT = YES;
			};
			name = Release;
		};
		C00424552D806DD60038CA01 /* Debug */ = {
			isa = XCBuildConfiguration;
			buildSettings = {
				BUNDLE_LOADER = "$(TEST_HOST)";
				CODE_SIGN_STYLE = Automatic;
				CURRENT_PROJECT_VERSION = 1;
				DEVELOPMENT_TEAM = HH43X364Z6;
				GENERATE_INFOPLIST_FILE = YES;
				IPHONEOS_DEPLOYMENT_TARGET = 18.2;
				MARKETING_VERSION = 1.0;
				PRODUCT_BUNDLE_IDENTIFIER = br.com.myfavoritemovies.MyFavoriteMoviesTests;
				PRODUCT_NAME = "$(TARGET_NAME)";
				SWIFT_EMIT_LOC_STRINGS = NO;
				SWIFT_VERSION = 5.0;
				TARGETED_DEVICE_FAMILY = "1,2";
				TEST_HOST = "$(BUILT_PRODUCTS_DIR)/MyFavoriteMovies.app/$(BUNDLE_EXECUTABLE_FOLDER_PATH)/MyFavoriteMovies";
			};
			name = Debug;
		};
		C00424562D806DD60038CA01 /* Release */ = {
			isa = XCBuildConfiguration;
			buildSettings = {
				BUNDLE_LOADER = "$(TEST_HOST)";
				CODE_SIGN_STYLE = Automatic;
				CURRENT_PROJECT_VERSION = 1;
				DEVELOPMENT_TEAM = HH43X364Z6;
				GENERATE_INFOPLIST_FILE = YES;
				IPHONEOS_DEPLOYMENT_TARGET = 18.2;
				MARKETING_VERSION = 1.0;
				PRODUCT_BUNDLE_IDENTIFIER = br.com.myfavoritemovies.MyFavoriteMoviesTests;
				PRODUCT_NAME = "$(TARGET_NAME)";
				SWIFT_EMIT_LOC_STRINGS = NO;
				SWIFT_VERSION = 5.0;
				TARGETED_DEVICE_FAMILY = "1,2";
				TEST_HOST = "$(BUILT_PRODUCTS_DIR)/MyFavoriteMovies.app/$(BUNDLE_EXECUTABLE_FOLDER_PATH)/MyFavoriteMovies";
			};
			name = Release;
		};
		C00424582D806DD60038CA01 /* Debug */ = {
			isa = XCBuildConfiguration;
			buildSettings = {
				CODE_SIGN_STYLE = Automatic;
				CURRENT_PROJECT_VERSION = 1;
				DEVELOPMENT_TEAM = HH43X364Z6;
				GENERATE_INFOPLIST_FILE = YES;
				MARKETING_VERSION = 1.0;
				PRODUCT_BUNDLE_IDENTIFIER = br.com.myfavoritemovies.MyFavoriteMoviesUITests;
				PRODUCT_NAME = "$(TARGET_NAME)";
				SWIFT_EMIT_LOC_STRINGS = NO;
				SWIFT_VERSION = 5.0;
				TARGETED_DEVICE_FAMILY = "1,2";
				TEST_TARGET_NAME = MyFavoriteMovies;
			};
			name = Debug;
		};
		C00424592D806DD60038CA01 /* Release */ = {
			isa = XCBuildConfiguration;
			buildSettings = {
				CODE_SIGN_STYLE = Automatic;
				CURRENT_PROJECT_VERSION = 1;
				DEVELOPMENT_TEAM = HH43X364Z6;
				GENERATE_INFOPLIST_FILE = YES;
				MARKETING_VERSION = 1.0;
				PRODUCT_BUNDLE_IDENTIFIER = br.com.myfavoritemovies.MyFavoriteMoviesUITests;
				PRODUCT_NAME = "$(TARGET_NAME)";
				SWIFT_EMIT_LOC_STRINGS = NO;
				SWIFT_VERSION = 5.0;
				TARGETED_DEVICE_FAMILY = "1,2";
				TEST_TARGET_NAME = MyFavoriteMovies;
			};
			name = Release;
		};
/* End XCBuildConfiguration section */

/* Begin XCConfigurationList section */
		C00424212D806DD40038CA01 /* Build configuration list for PBXProject "MyFavoriteMovies" */ = {
			isa = XCConfigurationList;
			buildConfigurations = (
				C00424522D806DD60038CA01 /* Debug */,
				C00424532D806DD60038CA01 /* Release */,
			);
			defaultConfigurationIsVisible = 0;
			defaultConfigurationName = Release;
		};
		C004244F2D806DD60038CA01 /* Build configuration list for PBXNativeTarget "MyFavoriteMovies" */ = {
			isa = XCConfigurationList;
			buildConfigurations = (
				C00424502D806DD60038CA01 /* Debug */,
				C00424512D806DD60038CA01 /* Release */,
			);
			defaultConfigurationIsVisible = 0;
			defaultConfigurationName = Release;
		};
		C00424542D806DD60038CA01 /* Build configuration list for PBXNativeTarget "MyFavoriteMoviesTests" */ = {
			isa = XCConfigurationList;
			buildConfigurations = (
				C00424552D806DD60038CA01 /* Debug */,
				C00424562D806DD60038CA01 /* Release */,
			);
			defaultConfigurationIsVisible = 0;
			defaultConfigurationName = Release;
		};
		C00424572D806DD60038CA01 /* Build configuration list for PBXNativeTarget "MyFavoriteMoviesUITests" */ = {
			isa = XCConfigurationList;
			buildConfigurations = (
				C00424582D806DD60038CA01 /* Debug */,
				C00424592D806DD60038CA01 /* Release */,
			);
			defaultConfigurationIsVisible = 0;
			defaultConfigurationName = Release;
		};
/* End XCConfigurationList section */

/* Begin XCRemoteSwiftPackageReference section */
		C004247F2D810B1E0038CA01 /* XCRemoteSwiftPackageReference "Alamofire" */ = {
			isa = XCRemoteSwiftPackageReference;
			repositoryURL = "https://github.com/Alamofire/Alamofire.git";
			requirement = {
				kind = upToNextMajorVersion;
				minimumVersion = 5.10.2;
			};
		};
/* End XCRemoteSwiftPackageReference section */

/* Begin XCSwiftPackageProductDependency section */
		C00424802D810B1E0038CA01 /* Alamofire */ = {
			isa = XCSwiftPackageProductDependency;
			package = C004247F2D810B1E0038CA01 /* XCRemoteSwiftPackageReference "Alamofire" */;
			productName = Alamofire;
		};
/* End XCSwiftPackageProductDependency section */
	};
	rootObject = C004241E2D806DD40038CA01 /* Project object */;
}
